
Microsoft Visual Studio Solution File, Format Version 12.00
# Visual Studio 15
VisualStudioVersion = 15.0.28307.136
MinimumVisualStudioVersion = 10.0.40219.1
Project("{F184B08F-C81C-45F6-A57F-5ABD9991F28F}") = "ListDemo2", "ListDemo2\ListDemo2.vbproj", "{C548EA8F-970F-4CC3-9BB3-4C36184DBEE0}"
EndProject
Global
	GlobalSection(SolutionConfigurationPlatforms) = preSolution
		Debug|Any CPU = Debug|Any CPU
		Release|Any CPU = Release|Any CPU
	EndGlobalSection
	GlobalSection(ProjectConfigurationPlatforms) = postSolution
		{C548EA8F-970F-4CC3-9BB3-4C36184DBEE0}.Debug|Any CPU.ActiveCfg = Debug|Any CPU
		{C548EA8F-970F-4CC3-9BB3-4C36184DBEE0}.Debug|Any CPU.Build.0 = Debug|Any CPU
		{C548EA8F-970F-4CC3-9BB3-4C36184DBEE0}.Release|Any CPU.ActiveCfg = Release|Any CPU
		{C548EA8F-970F-4CC3-9BB3-4C36184DBEE0}.Release|Any CPU.Build.0 = Release|Any CPU
	EndGlobalSection
	GlobalSection(SolutionProperties) = preSolution
		HideSolutionNode = FALSE
	EndGlobalSection
	GlobalSection(ExtensibilityGlobals) = postSolution
		SolutionGuid = {17707FB9-284F-4BA0-8DEB-4DC697B58509}
	EndGlobalSection
EndGlobal
